
Microsoft Visual Studio Solution File, Format Version 11.00
# Visual Studio 2010
Project("{FAE04EC0-301F-11D3-BF4B-00C04F79EFBC}") = "CodeWrapper", "CodeWrapper\CodeWrapper.csproj", "{932E333F-5B23-4687-8B69-C07FBB6C4604}"
EndProject
Project("{FAE04EC0-301F-11D3-BF4B-00C04F79EFBC}") = "CodeWrapper.Tests", "CodeWrapper.Tests\CodeWrapper.Tests.csproj", "{07677BD4-87AF-4CB0-AA58-A4CAD4862B55}"
EndProject
Global
	GlobalSection(SolutionConfigurationPlatforms) = preSolution
		Debug|Any CPU = Debug|Any CPU
		Release|Any CPU = Release|Any CPU
	EndGlobalSection
	GlobalSection(ProjectConfigurationPlatforms) = postSolution
		{932E333F-5B23-4687-8B69-C07FBB6C4604}.Debug|Any CPU.ActiveCfg = Debug|Any CPU
		{932E333F-5B23-4687-8B69-C07FBB6C4604}.Debug|Any CPU.Build.0 = Debug|Any CPU
		{932E333F-5B23-4687-8B69-C07FBB6C4604}.Release|Any CPU.ActiveCfg = Release|Any CPU
		{932E333F-5B23-4687-8B69-C07FBB6C4604}.Release|Any CPU.Build.0 = Release|Any CPU
		{07677BD4-87AF-4CB0-AA58-A4CAD4862B55}.Debug|Any CPU.ActiveCfg = Debug|Any CPU
		{07677BD4-87AF-4CB0-AA58-A4CAD4862B55}.Debug|Any CPU.Build.0 = Debug|Any CPU
		{07677BD4-87AF-4CB0-AA58-A4CAD4862B55}.Release|Any CPU.ActiveCfg = Release|Any CPU
		{07677BD4-87AF-4CB0-AA58-A4CAD4862B55}.Release|Any CPU.Build.0 = Release|Any CPU
	EndGlobalSection
	GlobalSection(SolutionProperties) = preSolution
		HideSolutionNode = FALSE
	EndGlobalSection
EndGlobal
